# THIS IS AN AUTOGENERATED FILE. DO NOT EDIT THIS FILE DIRECTLY.
# yarn lockfile v1


"@types/prop-types@*":
  version "15.7.0"
  resolved "https://registry.yarnpkg.com/@types/prop-types/-/prop-types-15.7.0.tgz#4c48fed958d6dcf9487195a0ef6456d5f6e0163a"
  integrity sha512-eItQyV43bj4rR3JPV0Skpl1SncRCdziTEK9/v8VwXmV6d/qOUO8/EuWeHBbCZcsfSHfzI5UyMJLCSXtxxznyZg==

"@types/react@^16.8":
  version "16.8.4"
  resolved "https://registry.yarnpkg.com/@types/react/-/react-16.8.4.tgz#134307f5266e866d5e7c25e47f31f9abd5b2ea34"
  integrity sha512-Mpz1NNMJvrjf0GcDqiK8+YeOydXfD8Mgag3UtqQ5lXYTsMnOiHcKmO48LiSWMb1rSHB9MV/jlgyNzeAVxWMZRQ==
  dependencies:
    "@types/prop-types" "*"
    csstype "^2.2.0"

color-diff@^1.1.0:
  version "1.1.0"
  resolved "https://registry.yarnpkg.com/color-diff/-/color-diff-1.1.0.tgz#983ae7f936679e94e365dfe44a16aa153bdae88e"
  integrity sha1-mDrn+TZnnpTjZd/kShaqFTva6I4=

csstype@^2.2.0:
  version "2.6.1"
  resolved "https://registry.yarnpkg.com/csstype/-/csstype-2.6.1.tgz#4cfbf637a577497036ebcd7e32647ef19a0b8076"
  integrity sha512-wv7IRqCGsL7WGKB8gPvrl+++HlFM9kxAM6jL1EXNPNTshEJYilMkbfS2SnuHha77uosp/YVK0wAp2jmlBzn1tg==

hex-rgb@^1.0.0:
  version "1.0.0"
  resolved "https://registry.yarnpkg.com/hex-rgb/-/hex-rgb-1.0.0.tgz#532275697cb9823e052429b184c6781d46cfdf49"
  integrity sha1-UyJ1aXy5gj4FJCmxhMZ4HUbP30k=

nearest-pantone@^1.0.1:
  version "1.0.1"
  resolved "https://registry.yarnpkg.com/nearest-pantone/-/nearest-pantone-1.0.1.tgz#620bbea887dc08fbea854d829d002aa370338a50"
  integrity sha1-Ygu+qIfcCPvqhU2CnQAqo3AzilA=
  dependencies:
    color-diff "^1.1.0"
    hex-rgb "^1.0.0"
    rgb-hex "^2.1.0"

rgb-hex@^2.1.0:
  version "2.1.0"
  resolved "https://registry.yarnpkg.com/rgb-hex/-/rgb-hex-2.1.0.tgz#c773c5fe2268a25578d92539a82a7a5ce53beda6"
  integrity sha1-x3PF/iJoolV42SU5qCp6XOU77aY=
